
Microsoft Visual Studio Solution File, Format Version 12.00
# Visual Studio Version 16
VisualStudioVersion = 16.0.29424.173
MinimumVisualStudioVersion = 10.0.40219.1
Project("{9A19103F-16F7-4668-BE54-9A1E7A4F7556}") = "Lynx", "Lynx\Lynx.csproj", "{E6D4BC0D-2FB6-4B1C-B1D3-9E34ABBE0314}"
EndProject
Project("{9A19103F-16F7-4668-BE54-9A1E7A4F7556}") = "Lynx.Data.Models", "Lynx.Data.Model\Lynx.Data.Models.csproj", "{2D7CC0EB-BE53-4117-9D53-78116D56F587}"
EndProject
Project("{9A19103F-16F7-4668-BE54-9A1E7A4F7556}") = "Lynx.Data.Access", "Lynx.Data.Access\Lynx.Data.Access.csproj", "{C04AC875-B451-4B38-9847-C643F7E48074}"
EndProject
Project("{9A19103F-16F7-4668-BE54-9A1E7A4F7556}") = "Lynx.Api.Models", "Lynx.Api.Model\Lynx.Api.Models.csproj", "{1A0F929E-B81F-4066-9630-AD8BC61E1686}"
EndProject
Project("{9A19103F-16F7-4668-BE54-9A1E7A4F7556}") = "Lynx.Api.Common", "Lynx.Api.Common\Lynx.Api.Common.csproj", "{22ADD65A-F3F1-44FC-A2B3-B627D8E06A91}"
EndProject
Project("{FAE04EC0-301F-11D3-BF4B-00C04F79EFBC}") = "Lynx.Api.Services", "Lynx.Api.Service\Lynx.Api.Services.csproj", "{A0E41AB2-5CBB-4C91-8A53-EBE9CDDC4044}"
EndProject
Global
	GlobalSection(SolutionConfigurationPlatforms) = preSolution
		Debug|Any CPU = Debug|Any CPU
		Release|Any CPU = Release|Any CPU
	EndGlobalSection
	GlobalSection(ProjectConfigurationPlatforms) = postSolution
		{E6D4BC0D-2FB6-4B1C-B1D3-9E34ABBE0314}.Debug|Any CPU.ActiveCfg = Debug|Any CPU
		{E6D4BC0D-2FB6-4B1C-B1D3-9E34ABBE0314}.Debug|Any CPU.Build.0 = Debug|Any CPU
		{E6D4BC0D-2FB6-4B1C-B1D3-9E34ABBE0314}.Release|Any CPU.ActiveCfg = Release|Any CPU
		{E6D4BC0D-2FB6-4B1C-B1D3-9E34ABBE0314}.Release|Any CPU.Build.0 = Release|Any CPU
		{2D7CC0EB-BE53-4117-9D53-78116D56F587}.Debug|Any CPU.ActiveCfg = Debug|Any CPU
		{2D7CC0EB-BE53-4117-9D53-78116D56F587}.Debug|Any CPU.Build.0 = Debug|Any CPU
		{2D7CC0EB-BE53-4117-9D53-78116D56F587}.Release|Any CPU.ActiveCfg = Release|Any CPU
		{2D7CC0EB-BE53-4117-9D53-78116D56F587}.Release|Any CPU.Build.0 = Release|Any CPU
		{C04AC875-B451-4B38-9847-C643F7E48074}.Debug|Any CPU.ActiveCfg = Debug|Any CPU
		{C04AC875-B451-4B38-9847-C643F7E48074}.Debug|Any CPU.Build.0 = Debug|Any CPU
		{C04AC875-B451-4B38-9847-C643F7E48074}.Release|Any CPU.ActiveCfg = Release|Any CPU
		{C04AC875-B451-4B38-9847-C643F7E48074}.Release|Any CPU.Build.0 = Release|Any CPU
		{1A0F929E-B81F-4066-9630-AD8BC61E1686}.Debug|Any CPU.ActiveCfg = Debug|Any CPU
		{1A0F929E-B81F-4066-9630-AD8BC61E1686}.Debug|Any CPU.Build.0 = Debug|Any CPU
		{1A0F929E-B81F-4066-9630-AD8BC61E1686}.Release|Any CPU.ActiveCfg = Release|Any CPU
		{1A0F929E-B81F-4066-9630-AD8BC61E1686}.Release|Any CPU.Build.0 = Release|Any CPU
		{22ADD65A-F3F1-44FC-A2B3-B627D8E06A91}.Debug|Any CPU.ActiveCfg = Debug|Any CPU
		{22ADD65A-F3F1-44FC-A2B3-B627D8E06A91}.Debug|Any CPU.Build.0 = Debug|Any CPU
		{22ADD65A-F3F1-44FC-A2B3-B627D8E06A91}.Release|Any CPU.ActiveCfg = Release|Any CPU
		{22ADD65A-F3F1-44FC-A2B3-B627D8E06A91}.Release|Any CPU.Build.0 = Release|Any CPU
		{A0E41AB2-5CBB-4C91-8A53-EBE9CDDC4044}.Debug|Any CPU.ActiveCfg = Debug|Any CPU
		{A0E41AB2-5CBB-4C91-8A53-EBE9CDDC4044}.Debug|Any CPU.Build.0 = Debug|Any CPU
		{A0E41AB2-5CBB-4C91-8A53-EBE9CDDC4044}.Release|Any CPU.ActiveCfg = Release|Any CPU
		{A0E41AB2-5CBB-4C91-8A53-EBE9CDDC4044}.Release|Any CPU.Build.0 = Release|Any CPU
	EndGlobalSection
	GlobalSection(SolutionProperties) = preSolution
		HideSolutionNode = FALSE
	EndGlobalSection
	GlobalSection(ExtensibilityGlobals) = postSolution
		SolutionGuid = {AFB7F40B-E302-4A2B-A3A3-B846D9F3F83F}
	EndGlobalSection
EndGlobal
